
Microsoft Visual Studio Solution File, Format Version 12.00
# Visual Studio 15
VisualStudioVersion = 15.0.28010.2019
MinimumVisualStudioVersion = 10.0.40219.1
Project("{FAE04EC0-301F-11D3-BF4B-00C04F79EFBC}") = "TeamPowered", "TeamPowered\TeamPowered.csproj", "{69099755-7E9B-4ED2-B452-F31D8D3CFD82}"
EndProject
Global
	GlobalSection(SolutionConfigurationPlatforms) = preSolution
		Debug|Any CPU = Debug|Any CPU
		Release|Any CPU = Release|Any CPU
	EndGlobalSection
	GlobalSection(ProjectConfigurationPlatforms) = postSolution
		{69099755-7E9B-4ED2-B452-F31D8D3CFD82}.Debug|Any CPU.ActiveCfg = Debug|Any CPU
		{69099755-7E9B-4ED2-B452-F31D8D3CFD82}.Debug|Any CPU.Build.0 = Debug|Any CPU
		{69099755-7E9B-4ED2-B452-F31D8D3CFD82}.Release|Any CPU.ActiveCfg = Release|Any CPU
		{69099755-7E9B-4ED2-B452-F31D8D3CFD82}.Release|Any CPU.Build.0 = Release|Any CPU
	EndGlobalSection
	GlobalSection(SolutionProperties) = preSolution
		HideSolutionNode = FALSE
	EndGlobalSection
	GlobalSection(ExtensibilityGlobals) = postSolution
		SolutionGuid = {0C6EA3D1-A048-439B-9FB0-199F08264F0B}
	EndGlobalSection
EndGlobal
